<?xml version="1.0" encoding="utf-8"?>
<Project ToolsVersion="4.0" xmlns="http://schemas.microsoft.com/developer/msbuild/2003">
  <ItemGroup>
    <Filter Include="core">
      <UniqueIdentifier>{01000000-0000-0000-0000-000000000001}</UniqueIdentifier>
    </Filter>
    <Filter Include="engine">
      <UniqueIdentifier>{02000000-0000-0000-0000-000000000002}</UniqueIdentifier>
    </Filter>
    <Filter Include="game">
      <UniqueIdentifier>{03000000-0000-0000-0000-000000000003}</UniqueIdentifier>
    </Filter>
    <Filter Include="game\data">
      <UniqueIdentifier>{03100000-0000-0000-0000-000000000031}</UniqueIdentifier>
    </Filter>
    <Filter Include="game\managers">
      <UniqueIdentifier>{03200000-0000-0000-0000-000000000032}</UniqueIdentifier>
    </Filter>
    <Filter Include="game\network">
      <UniqueIdentifier>{03300000-0000-0000-0000-000000000033}</UniqueIdentifier>
    </Filter>
    <Filter Include="anticheat">
      <UniqueIdentifier>{04000000-0000-0000-0000-000000000004}</UniqueIdentifier>
    </Filter>
    <Filter Include="modding">
      <UniqueIdentifier>{05000000-0000-0000-0000-000000000005}</UniqueIdentifier>
    </Filter>
    <Filter Include="modding\features">
      <UniqueIdentifier>{05100000-0000-0000-0000-000000000051}</UniqueIdentifier>
    </Filter>
    <Filter Include="modding\bugfixes">
      <UniqueIdentifier>{05200000-0000-0000-0000-000000000052}</UniqueIdentifier>
    </Filter>
    <Filter Include="platform">
      <UniqueIdentifier>{06000000-0000-0000-0000-000000000006}</UniqueIdentifier>
    </Filter>
    <Filter Include="utils">
      <UniqueIdentifier>{07000000-0000-0000-0000-000000000007}</UniqueIdentifier>
    </Filter>
    <Filter Include="deps">
      <UniqueIdentifier>{08000000-0000-0000-0000-000000000008}</UniqueIdentifier>
    </Filter>
    <Filter Include="deps\minhook">
      <UniqueIdentifier>{08100000-0000-0000-0000-000000000081}</UniqueIdentifier>
    </Filter>
    <Filter Include="deps\simdjson">
      <UniqueIdentifier>{08200000-0000-0000-0000-000000000082}</UniqueIdentifier>
    </Filter>
    <Filter Include="anticheat\scanners">
      <UniqueIdentifier>{f54ba08d-46d3-413c-82bd-9aa43fcbd1ed}</UniqueIdentifier>
    </Filter>
    <Filter Include="game\ui">
      <UniqueIdentifier>{7562e80b-0251-4f3f-be45-33caddca713c}</UniqueIdentifier>
    </Filter>
    <Filter Include="game\ui\dialog">
      <UniqueIdentifier>{702ab712-c45b-4fc9-84cf-56e69868f195}</UniqueIdentifier>
    </Filter>
    <Filter Include="game\ui\dialog\popups">
      <UniqueIdentifier>{852282d1-6e50-42fb-9f48-4ccc3a0ad1ed}</UniqueIdentifier>
    </Filter>
    <Filter Include="game\ui\dialog\rightclick">
      <UniqueIdentifier>{e91fc80b-3543-4bd0-b6f9-71104104a23e}</UniqueIdentifier>
    </Filter>
    <Filter Include="game\ui\dialog\quickconfirm">
      <UniqueIdentifier>{d3e0420d-bbeb-416e-9875-ab576b16bea9}</UniqueIdentifier>
    </Filter>
    <Filter Include="game\network\custom_packets">
      <UniqueIdentifier>{637a3200-de1a-4513-b794-ab99091257af}</UniqueIdentifier>
    </Filter>
    <Filter Include="core\monocypher">
      <UniqueIdentifier>{9f2054eb-569c-4e3e-9dc7-4957f71788c7}</UniqueIdentifier>
    </Filter>
  </ItemGroup>
  <!-- ═══════════════ Headers ═══════════════ -->
  <ItemGroup>
    <ClInclude Include="pch.hpp" />
    <!-- core -->
    <ClInclude Include="core\config.hpp">
      <Filter>core</Filter>
    </ClInclude>
    <ClInclude Include="core\context.hpp">
      <Filter>core</Filter>
    </ClInclude>
    <ClInclude Include="core\context_accessor.hpp">
      <Filter>core</Filter>
    </ClInclude>
    <ClInclude Include="core\fwd.hpp">
      <Filter>core</Filter>
    </ClInclude>
    <ClInclude Include="core\types.hpp">
      <Filter>core</Filter>
    </ClInclude>
    <!-- engine -->
    <ClInclude Include="engine\assembler.hpp">
      <Filter>engine</Filter>
    </ClInclude>
    <ClInclude Include="engine\hook_engine.hpp">
      <Filter>engine</Filter>
    </ClInclude>
    <ClInclude Include="engine\hook_id.hpp">
      <Filter>engine</Filter>
    </ClInclude>
    <ClInclude Include="engine\hook_registry.hpp">
      <Filter>engine</Filter>
    </ClInclude>
    <ClInclude Include="engine\midhook.hpp">
      <Filter>engine</Filter>
    </ClInclude>
    <ClInclude Include="engine\pattern_scanner.hpp">
      <Filter>engine</Filter>
    </ClInclude>
    <ClInclude Include="engine\pointer_encryption.hpp">
      <Filter>engine</Filter>
    </ClInclude>
    <!-- game -->
    <ClInclude Include="game\addresses.hpp">
      <Filter>game</Filter>
    </ClInclude>
    <ClInclude Include="game\structures.hpp">
      <Filter>game</Filter>
    </ClInclude>
    <ClInclude Include="game\data\cdbm_loader.hpp">
      <Filter>game\data</Filter>
    </ClInclude>
    <ClInclude Include="game\managers\game_managers.hpp">
      <Filter>game\managers</Filter>
    </ClInclude>
    <ClInclude Include="game\managers\manager_base.hpp">
      <Filter>game\managers</Filter>
    </ClInclude>
    <ClInclude Include="game\network\authorize_handler.hpp">
      <Filter>game\network</Filter>
    </ClInclude>
    <ClInclude Include="game\network\connect_handler.hpp">
      <Filter>game\network</Filter>
    </ClInclude>
    <ClInclude Include="game\network\crypto_engine.hpp">
      <Filter>game\network</Filter>
    </ClInclude>
    <ClInclude Include="game\network\disconnect_handler.hpp">
      <Filter>game\network</Filter>
    </ClInclude>
    <ClInclude Include="game\network\heartbeat_handler.hpp">
      <Filter>game\network</Filter>
    </ClInclude>
    <ClInclude Include="game\network\movement\movement_protocol.hpp">
      <Filter>game\network</Filter>
    </ClInclude>
    <!-- anticheat -->
    <ClInclude Include="anticheat\iat_scrubber.hpp">
      <Filter>anticheat</Filter>
    </ClInclude>
    <ClInclude Include="anticheat\integrity_engine.hpp">
      <Filter>anticheat</Filter>
    </ClInclude>
    <!-- modding/features -->
    <ClInclude Include="modding\features\custom_tickrate.hpp">
      <Filter>modding\features</Filter>
    </ClInclude>
    <ClInclude Include="modding\features\hide_weapon_slots.hpp">
      <Filter>modding\features</Filter>
    </ClInclude>
    <ClInclude Include="modding\features\nation_index.hpp">
      <Filter>modding\features</Filter>
    </ClInclude>
    <ClInclude Include="modding\features\pcbang.hpp">
      <Filter>modding\features</Filter>
    </ClInclude>
    <ClInclude Include="modding\features\resolutions.hpp">
      <Filter>modding\features</Filter>
    </ClInclude>
    <ClInclude Include="modding\features\spectate_pov.hpp">
      <Filter>modding\features</Filter>
    </ClInclude>
    <!-- modding/bugfixes -->
    <ClInclude Include="modding\bugfixes\screenshot_fix.hpp">
      <Filter>modding\bugfixes</Filter>
    </ClInclude>
    <ClInclude Include="modding\bugfixes\weapon_restriction.hpp">
      <Filter>modding\bugfixes</Filter>
    </ClInclude>
    <!-- platform -->
    <ClInclude Include="platform\import_resolver.hpp">
      <Filter>platform</Filter>
    </ClInclude>
    <ClInclude Include="platform\ipc.hpp">
      <Filter>platform</Filter>
    </ClInclude>
    <ClInclude Include="platform\memory.hpp">
      <Filter>platform</Filter>
    </ClInclude>
    <ClInclude Include="platform\memory_pool.hpp">
      <Filter>platform</Filter>
    </ClInclude>
    <ClInclude Include="platform\syscall_cloner.hpp">
      <Filter>platform</Filter>
    </ClInclude>
    <!-- utils -->
    <ClInclude Include="utils\call_helper.hpp">
      <Filter>utils</Filter>
    </ClInclude>
    <ClInclude Include="utils\cloakwork_isolation.hpp">
      <Filter>utils</Filter>
    </ClInclude>
    <ClInclude Include="utils\logger.hpp">
      <Filter>utils</Filter>
    </ClInclude>
    <ClInclude Include="utils\splash.hpp">
      <Filter>utils</Filter>
    </ClInclude>
    <ClInclude Include="utils\xorstr.hpp">
      <Filter>utils</Filter>
    </ClInclude>
    <!-- deps -->
    <ClInclude Include="..\deps\minhook\buffer.h">
      <Filter>deps\minhook</Filter>
    </ClInclude>
    <ClInclude Include="..\deps\minhook\minhook.h">
      <Filter>deps\minhook</Filter>
    </ClInclude>
    <ClInclude Include="..\deps\minhook\trampoline.h">
      <Filter>deps\minhook</Filter>
    </ClInclude>
    <ClInclude Include="..\deps\minhook\hde\hde32.h">
      <Filter>deps\minhook</Filter>
    </ClInclude>
    <ClInclude Include="..\deps\minhook\hde\hde64.h">
      <Filter>deps\minhook</Filter>
    </ClInclude>
    <ClInclude Include="..\deps\minhook\hde\pstdint.h">
      <Filter>deps\minhook</Filter>
    </ClInclude>
    <ClInclude Include="..\deps\minhook\hde\table32.h">
      <Filter>deps\minhook</Filter>
    </ClInclude>
    <ClInclude Include="..\deps\minhook\hde\table64.h">
      <Filter>deps\minhook</Filter>
    </ClInclude>
    <ClInclude Include="..\deps\simdjson\simdjson.h">
      <Filter>deps\simdjson</Filter>
    </ClInclude>
    <ClInclude Include="engine\ldasm.h">
      <Filter>engine</Filter>
    </ClInclude>
    <ClInclude Include="game\network\ccrypt.hpp">
      <Filter>game\network</Filter>
    </ClInclude>
    <ClInclude Include="utils\cloakwork.h">
      <Filter>utils</Filter>
    </ClInclude>
    <ClInclude Include="anticheat\manual_seh.hpp">
      <Filter>anticheat</Filter>
    </ClInclude>
    <ClInclude Include="core\version_generated.hpp">
      <Filter>core</Filter>
    </ClInclude>
    <ClInclude Include="anticheat\detection_engine.hpp">
      <Filter>anticheat</Filter>
    </ClInclude>
    <ClInclude Include="anticheat\scanners\anonymous_thread_scanner.hpp">
      <Filter>anticheat\scanners</Filter>
    </ClInclude>
    <ClInclude Include="anticheat\scanners\anti_debug_scanner.hpp">
      <Filter>anticheat\scanners</Filter>
    </ClInclude>
    <ClInclude Include="anticheat\scanners\handle_watcher_scanner.hpp">
      <Filter>anticheat\scanners</Filter>
    </ClInclude>
    <ClInclude Include="anticheat\scanners\hook_integrity_scanner.hpp">
      <Filter>anticheat\scanners</Filter>
    </ClInclude>
    <ClInclude Include="anticheat\scanners\iat_hook_scanner.hpp">
      <Filter>anticheat\scanners</Filter>
    </ClInclude>
    <ClInclude Include="anticheat\scanners\injection_scanner.hpp">
      <Filter>anticheat\scanners</Filter>
    </ClInclude>
    <ClInclude Include="anticheat\scanners\inline_hook_scanner.hpp">
      <Filter>anticheat\scanners</Filter>
    </ClInclude>
    <ClInclude Include="anticheat\scanners\integrity_scanner.hpp">
      <Filter>anticheat\scanners</Filter>
    </ClInclude>
    <ClInclude Include="anticheat\scanners\manual_map_scanner.hpp">
      <Filter>anticheat\scanners</Filter>
    </ClInclude>
    <ClInclude Include="anticheat\scanners\peb_module_scanner.hpp">
      <Filter>anticheat\scanners</Filter>
    </ClInclude>
    <ClInclude Include="anticheat\scanners\proxy_dll_scanner.hpp">
      <Filter>anticheat\scanners</Filter>
    </ClInclude>
    <ClInclude Include="anticheat\scanners\scanner_common.hpp">
      <Filter>anticheat\scanners</Filter>
    </ClInclude>
    <ClInclude Include="anticheat\scanners\signature_scanner.hpp">
      <Filter>anticheat\scanners</Filter>
    </ClInclude>
    <ClInclude Include="anticheat\scanners\string_scanner.hpp">
      <Filter>anticheat\scanners</Filter>
    </ClInclude>
    <ClInclude Include="anticheat\scanners\unsigned_module_scanner.hpp">
      <Filter>anticheat\scanners</Filter>
    </ClInclude>
    <ClInclude Include="anticheat\scanners\vulnerable_driver_scanner.hpp">
      <Filter>anticheat\scanners</Filter>
    </ClInclude>
    <ClInclude Include="anticheat\memory_fog.hpp">
      <Filter>anticheat</Filter>
    </ClInclude>
    <ClInclude Include="game\game_engine_log.hpp">
      <Filter>game</Filter>
    </ClInclude>
    <ClInclude Include="game\ui\dialog\popups\input_pop.hpp">
      <Filter>game\ui\dialog\popups</Filter>
    </ClInclude>
    <ClInclude Include="game\ui\dialog\rightclick\rightclick.hpp">
      <Filter>game\ui\dialog\rightclick</Filter>
    </ClInclude>
    <ClInclude Include="game\ui\dialog\quickconfirm\quickconfirm.hpp">
      <Filter>game\ui\dialog\quickconfirm</Filter>
    </ClInclude>
    <ClInclude Include="game\network\custom_packets\gacha_pity_handler.hpp">
      <Filter>game\network\custom_packets</Filter>
    </ClInclude>
    <ClInclude Include="game\network\custom_packets\trade_handler.hpp">
      <Filter>game\network\custom_packets</Filter>
    </ClInclude>
    <ClInclude Include="game\network\custom_packets\weekly_reward_handler.hpp">
      <Filter>game\network\custom_packets</Filter>
    </ClInclude>
    <ClInclude Include="game\network\custom_packets\custom_packet_dispatcher.hpp">
      <Filter>game\network\custom_packets</Filter>
    </ClInclude>
    <ClInclude Include="anticheat\guard_regions.hpp">
      <Filter>anticheat</Filter>
    </ClInclude>
    <ClInclude Include="anticheat\scanners\section_remap_scanner.hpp">
      <Filter>anticheat\scanners</Filter>
    </ClInclude>
    <ClInclude Include="anticheat\scanners\ntapi_monitor_scanner.hpp">
      <Filter>anticheat\scanners</Filter>
    </ClInclude>
    <ClInclude Include="core\monocypher\monocypher.h">
      <Filter>core\monocypher</Filter>
    </ClInclude>
    <ClInclude Include="game\network\secure_channel.hpp">
      <Filter>game\network</Filter>
    </ClInclude>
    <ClInclude Include="anticheat\detection_report.hpp">
      <Filter>anticheat</Filter>
    </ClInclude>
    <ClInclude Include="modding\bugfixes\window_close_fix.hpp">
      <Filter>modding\bugfixes</Filter>
    </ClInclude>
    <ClInclude Include="modding\features\hud_toggle.hpp">
      <Filter>modding\features</Filter>
    </ClInclude>
    <ClInclude Include="modding\features\zoom_sensitivity.hpp">
      <Filter>modding\features</Filter>
    </ClInclude>
    <ClInclude Include="modding\features\editbox_clipboard.hpp">
      <Filter>modding\features</Filter>
    </ClInclude>
  </ItemGroup>
  <!-- ═══════════════ Sources ═══════════════ -->
  <ItemGroup>
    <ClCompile Include="pch.cpp" />
    <ClCompile Include="entry.cpp" />
    <!-- core -->
    <ClCompile Include="core\context.cpp">
      <Filter>core</Filter>
    </ClCompile>
    <ClCompile Include="core\context_accessor.cpp">
      <Filter>core</Filter>
    </ClCompile>
    <!-- engine -->
    <ClCompile Include="engine\assembler.cpp">
      <Filter>engine</Filter>
    </ClCompile>
    <ClCompile Include="engine\hook_engine.cpp">
      <Filter>engine</Filter>
    </ClCompile>
    <ClCompile Include="engine\hook_registry.cpp">
      <Filter>engine</Filter>
    </ClCompile>
    <ClCompile Include="engine\midhook.cpp">
      <Filter>engine</Filter>
    </ClCompile>
    <ClCompile Include="engine\pattern_scanner.cpp">
      <Filter>engine</Filter>
    </ClCompile>
    <ClCompile Include="engine\pointer_encryption.cpp">
      <Filter>engine</Filter>
    </ClCompile>
    <!-- game -->
    <ClCompile Include="game\data\cdbm_loader.cpp">
      <Filter>game\data</Filter>
    </ClCompile>
    <ClCompile Include="game\managers\game_managers.cpp">
      <Filter>game\managers</Filter>
    </ClCompile>
    <ClCompile Include="game\network\authorize_handler.cpp">
      <Filter>game\network</Filter>
    </ClCompile>
    <ClCompile Include="game\network\connect_handler.cpp">
      <Filter>game\network</Filter>
    </ClCompile>
    <ClCompile Include="game\network\crypto_engine.cpp">
      <Filter>game\network</Filter>
    </ClCompile>
    <ClCompile Include="game\network\disconnect_handler.cpp">
      <Filter>game\network</Filter>
    </ClCompile>
    <ClCompile Include="game\network\heartbeat_handler.cpp">
      <Filter>game\network</Filter>
    </ClCompile>
    <ClCompile Include="game\network\movement\movement_protocol.cpp">
      <Filter>game\network</Filter>
    </ClCompile>
    <!-- anticheat -->
    <ClCompile Include="anticheat\iat_scrubber.cpp">
      <Filter>anticheat</Filter>
    </ClCompile>
    <ClCompile Include="anticheat\integrity_engine.cpp">
      <Filter>anticheat</Filter>
    </ClCompile>
    <!-- modding/features -->
    <ClCompile Include="modding\features\custom_tickrate.cpp">
      <Filter>modding\features</Filter>
    </ClCompile>
    <ClCompile Include="modding\features\hide_weapon_slots.cpp">
      <Filter>modding\features</Filter>
    </ClCompile>
    <ClCompile Include="modding\features\nation_index.cpp">
      <Filter>modding\features</Filter>
    </ClCompile>
    <ClCompile Include="modding\features\pcbang.cpp">
      <Filter>modding\features</Filter>
    </ClCompile>
    <ClCompile Include="modding\features\resolutions.cpp">
      <Filter>modding\features</Filter>
    </ClCompile>
    <ClCompile Include="modding\features\spectate_pov.cpp">
      <Filter>modding\features</Filter>
    </ClCompile>
    <!-- modding/bugfixes -->
    <ClCompile Include="modding\bugfixes\screenshot_fix.cpp">
      <Filter>modding\bugfixes</Filter>
    </ClCompile>
    <ClCompile Include="modding\bugfixes\weapon_restriction.cpp">
      <Filter>modding\bugfixes</Filter>
    </ClCompile>
    <!-- platform -->
    <ClCompile Include="platform\import_resolver.cpp">
      <Filter>platform</Filter>
    </ClCompile>
    <ClCompile Include="platform\ipc.cpp">
      <Filter>platform</Filter>
    </ClCompile>
    <ClCompile Include="platform\memory_pool.cpp">
      <Filter>platform</Filter>
    </ClCompile>
    <ClCompile Include="platform\syscall_cloner.cpp">
      <Filter>platform</Filter>
    </ClCompile>
    <!-- utils -->
    <ClCompile Include="utils\logger.cpp">
      <Filter>utils</Filter>
    </ClCompile>
    <ClCompile Include="utils\splash.cpp">
      <Filter>utils</Filter>
    </ClCompile>
    <!-- deps -->
    <ClCompile Include="..\deps\minhook\buffer.c">
      <Filter>deps\minhook</Filter>
    </ClCompile>
    <ClCompile Include="..\deps\minhook\hook.c">
      <Filter>deps\minhook</Filter>
    </ClCompile>
    <ClCompile Include="..\deps\minhook\trampoline.c">
      <Filter>deps\minhook</Filter>
    </ClCompile>
    <ClCompile Include="..\deps\minhook\hde\hde32.c">
      <Filter>deps\minhook</Filter>
    </ClCompile>
    <ClCompile Include="..\deps\minhook\hde\hde64.c">
      <Filter>deps\minhook</Filter>
    </ClCompile>
    <ClCompile Include="..\deps\simdjson\simdjson.cpp">
      <Filter>deps\simdjson</Filter>
    </ClCompile>
    <ClCompile Include="engine\ldasm.cpp">
      <Filter>engine</Filter>
    </ClCompile>
    <ClCompile Include="game\network\ccrypt.cpp">
      <Filter>game\network</Filter>
    </ClCompile>
    <ClCompile Include="anticheat\manual_seh.cpp">
      <Filter>anticheat</Filter>
    </ClCompile>
    <ClCompile Include="game\managers\manager_base.cpp">
      <Filter>game\managers</Filter>
    </ClCompile>
    <ClCompile Include="anticheat\detection_engine.cpp">
      <Filter>anticheat</Filter>
    </ClCompile>
    <ClCompile Include="anticheat\scanners\anonymous_thread_scanner.cpp">
      <Filter>anticheat\scanners</Filter>
    </ClCompile>
    <ClCompile Include="anticheat\scanners\anti_debug_scanner.cpp">
      <Filter>anticheat\scanners</Filter>
    </ClCompile>
    <ClCompile Include="anticheat\scanners\handle_watcher_scanner.cpp">
      <Filter>anticheat\scanners</Filter>
    </ClCompile>
    <ClCompile Include="anticheat\scanners\hook_integrity_scanner.cpp">
      <Filter>anticheat\scanners</Filter>
    </ClCompile>
    <ClCompile Include="anticheat\scanners\iat_hook_scanner.cpp">
      <Filter>anticheat\scanners</Filter>
    </ClCompile>
    <ClCompile Include="anticheat\scanners\injection_scanner.cpp">
      <Filter>anticheat\scanners</Filter>
    </ClCompile>
    <ClCompile Include="anticheat\scanners\inline_hook_scanner.cpp">
      <Filter>anticheat\scanners</Filter>
    </ClCompile>
    <ClCompile Include="anticheat\scanners\integrity_scanner.cpp">
      <Filter>anticheat\scanners</Filter>
    </ClCompile>
    <ClCompile Include="anticheat\scanners\manual_map_scanner.cpp">
      <Filter>anticheat\scanners</Filter>
    </ClCompile>
    <ClCompile Include="anticheat\scanners\peb_module_scanner.cpp">
      <Filter>anticheat\scanners</Filter>
    </ClCompile>
    <ClCompile Include="anticheat\scanners\proxy_dll_scanner.cpp">
      <Filter>anticheat\scanners</Filter>
    </ClCompile>
    <ClCompile Include="anticheat\scanners\scanner_common.cpp">
      <Filter>anticheat\scanners</Filter>
    </ClCompile>
    <ClCompile Include="anticheat\scanners\signature_scanner.cpp">
      <Filter>anticheat\scanners</Filter>
    </ClCompile>
    <ClCompile Include="anticheat\scanners\string_scanner.cpp">
      <Filter>anticheat\scanners</Filter>
    </ClCompile>
    <ClCompile Include="anticheat\scanners\unsigned_module_scanner.cpp">
      <Filter>anticheat\scanners</Filter>
    </ClCompile>
    <ClCompile Include="anticheat\scanners\vulnerable_driver_scanner.cpp">
      <Filter>anticheat\scanners</Filter>
    </ClCompile>
    <ClCompile Include="anticheat\memory_fog.cpp">
      <Filter>anticheat</Filter>
    </ClCompile>
    <ClCompile Include="game\game_engine_log.cpp">
      <Filter>game</Filter>
    </ClCompile>
    <ClCompile Include="game\ui\dialog\popups\input_pop.cpp">
      <Filter>game\ui\dialog\popups</Filter>
    </ClCompile>
    <ClCompile Include="game\ui\dialog\rightclick\rightclick.cpp">
      <Filter>game\ui\dialog\rightclick</Filter>
    </ClCompile>
    <ClCompile Include="game\ui\dialog\quickconfirm\quickconfirm.cpp">
      <Filter>game\ui\dialog\quickconfirm</Filter>
    </ClCompile>
    <ClCompile Include="game\network\custom_packets\gacha_pity_handler.cpp">
      <Filter>game\network\custom_packets</Filter>
    </ClCompile>
    <ClCompile Include="game\network\custom_packets\trade_handler.cpp">
      <Filter>game\network\custom_packets</Filter>
    </ClCompile>
    <ClCompile Include="game\network\custom_packets\weekly_reward_handler.cpp">
      <Filter>game\network\custom_packets</Filter>
    </ClCompile>
    <ClCompile Include="game\network\custom_packets\custom_packet_dispatcher.cpp">
      <Filter>game\network\custom_packets</Filter>
    </ClCompile>
    <ClCompile Include="anticheat\guard_regions.cpp">
      <Filter>anticheat</Filter>
    </ClCompile>
    <ClCompile Include="anticheat\scanners\section_remap_scanner.cpp">
      <Filter>anticheat\scanners</Filter>
    </ClCompile>
    <ClCompile Include="anticheat\scanners\ntapi_monitor_scanner.cpp">
      <Filter>anticheat\scanners</Filter>
    </ClCompile>
    <ClCompile Include="core\monocypher\monocypher.cpp">
      <Filter>core\monocypher</Filter>
    </ClCompile>
    <ClCompile Include="game\network\secure_channel.cpp">
      <Filter>game\network</Filter>
    </ClCompile>
    <ClCompile Include="modding\bugfixes\window_close_fix.cpp">
      <Filter>modding\bugfixes</Filter>
    </ClCompile>
    <ClCompile Include="modding\features\hud_toggle.cpp">
      <Filter>modding\features</Filter>
    </ClCompile>
    <ClCompile Include="modding\features\zoom_sensitivity.cpp">
      <Filter>modding\features</Filter>
    </ClCompile>
    <ClCompile Include="modding\features\editbox_clipboard.cpp">
      <Filter>modding\features</Filter>
    </ClCompile>
  </ItemGroup>
</Project>